
Microsoft Visual Studio Solution File, Format Version 12.00
# Visual Studio Version 17
VisualStudioVersion = 17.5.002.0
MinimumVisualStudioVersion = 10.0.40219.1
Project("{9A19103F-16F7-4668-BE54-9A1E7A4F7556}") = "Basic_takrorlash_2-av", "Basic_takrorlash_2-av.csproj", "{711D028C-8D7E-4945-B37F-983A47D45F51}"
EndProject
Global
	GlobalSection(SolutionConfigurationPlatforms) = preSolution
		Debug|Any CPU = Debug|Any CPU
		Release|Any CPU = Release|Any CPU
	EndGlobalSection
	GlobalSection(ProjectConfigurationPlatforms) = postSolution
		{711D028C-8D7E-4945-B37F-983A47D45F51}.Debug|Any CPU.ActiveCfg = Debug|Any CPU
		{711D028C-8D7E-4945-B37F-983A47D45F51}.Debug|Any CPU.Build.0 = Debug|Any CPU
		{711D028C-8D7E-4945-B37F-983A47D45F51}.Release|Any CPU.ActiveCfg = Release|Any CPU
		{711D028C-8D7E-4945-B37F-983A47D45F51}.Release|Any CPU.Build.0 = Release|Any CPU
	EndGlobalSection
	GlobalSection(SolutionProperties) = preSolution
		HideSolutionNode = FALSE
	EndGlobalSection
	GlobalSection(ExtensibilityGlobals) = postSolution
		SolutionGuid = {14CFF46A-4446-4EC5-9F08-B8597E1209CC}
	EndGlobalSection
EndGlobal
