
Microsoft Visual Studio Solution File, Format Version 12.00
# Visual Studio Version 17
VisualStudioVersion = 17.5.002.0
MinimumVisualStudioVersion = 10.0.40219.1
Project("{9A19103F-16F7-4668-BE54-9A1E7A4F7556}") = "Basic_ketma_ketlik_3-av", "Basic_ketma_ketlik_3-av.csproj", "{D1F51AF2-414A-4FCF-86CA-FEE3EEA9BCAD}"
EndProject
Global
	GlobalSection(SolutionConfigurationPlatforms) = preSolution
		Debug|Any CPU = Debug|Any CPU
		Release|Any CPU = Release|Any CPU
	EndGlobalSection
	GlobalSection(ProjectConfigurationPlatforms) = postSolution
		{D1F51AF2-414A-4FCF-86CA-FEE3EEA9BCAD}.Debug|Any CPU.ActiveCfg = Debug|Any CPU
		{D1F51AF2-414A-4FCF-86CA-FEE3EEA9BCAD}.Debug|Any CPU.Build.0 = Debug|Any CPU
		{D1F51AF2-414A-4FCF-86CA-FEE3EEA9BCAD}.Release|Any CPU.ActiveCfg = Release|Any CPU
		{D1F51AF2-414A-4FCF-86CA-FEE3EEA9BCAD}.Release|Any CPU.Build.0 = Release|Any CPU
	EndGlobalSection
	GlobalSection(SolutionProperties) = preSolution
		HideSolutionNode = FALSE
	EndGlobalSection
	GlobalSection(ExtensibilityGlobals) = postSolution
		SolutionGuid = {7EFCE3D0-B50B-490A-B954-9B51200719A2}
	EndGlobalSection
EndGlobal
